
Microsoft Visual Studio Solution File, Format Version 12.00
# Visual Studio Version 17
VisualStudioVersion = 17.14.36121.58 d17.14
MinimumVisualStudioVersion = 10.0.40219.1
Project("{FAE04EC0-301F-11D3-BF4B-00C04F79EFBC}") = "Numerics", "Numerics\Numerics.csproj", "{AD454B49-564B-4F1C-987E-248727C51796}"
EndProject
Project("{2150E333-8FDC-42A3-9474-1A3956D46DE8}") = "Projektmappenelemente", "Projektmappenelemente", "{84D27F74-D2BA-6C25-2661-968F101900D9}"
	ProjectSection(SolutionItems) = preProject
		..\..\.gitignore = ..\..\.gitignore
		..\..\LICENSE = ..\..\LICENSE
		..\..\README.md = ..\..\README.md
	EndProjectSection
EndProject
Project("{FAE04EC0-301F-11D3-BF4B-00C04F79EFBC}") = "Numerics.Tests", "Numerics.Tests\Numerics.Tests.csproj", "{843EC5FB-FCBC-4B69-A3DA-6DF2BCE3372F}"
EndProject
Global
	GlobalSection(SolutionConfigurationPlatforms) = preSolution
		Debug|Any CPU = Debug|Any CPU
		Release|Any CPU = Release|Any CPU
	EndGlobalSection
	GlobalSection(ProjectConfigurationPlatforms) = postSolution
		{AD454B49-564B-4F1C-987E-248727C51796}.Debug|Any CPU.ActiveCfg = Debug|Any CPU
		{AD454B49-564B-4F1C-987E-248727C51796}.Debug|Any CPU.Build.0 = Debug|Any CPU
		{AD454B49-564B-4F1C-987E-248727C51796}.Release|Any CPU.ActiveCfg = Release|Any CPU
		{AD454B49-564B-4F1C-987E-248727C51796}.Release|Any CPU.Build.0 = Release|Any CPU
		{843EC5FB-FCBC-4B69-A3DA-6DF2BCE3372F}.Debug|Any CPU.ActiveCfg = Debug|Any CPU
		{843EC5FB-FCBC-4B69-A3DA-6DF2BCE3372F}.Debug|Any CPU.Build.0 = Debug|Any CPU
		{843EC5FB-FCBC-4B69-A3DA-6DF2BCE3372F}.Release|Any CPU.ActiveCfg = Release|Any CPU
		{843EC5FB-FCBC-4B69-A3DA-6DF2BCE3372F}.Release|Any CPU.Build.0 = Release|Any CPU
	EndGlobalSection
	GlobalSection(SolutionProperties) = preSolution
		HideSolutionNode = FALSE
	EndGlobalSection
	GlobalSection(ExtensibilityGlobals) = postSolution
		SolutionGuid = {0C4D4346-AF67-4459-BDEC-7E50AD2F3E64}
	EndGlobalSection
EndGlobal
